<?xml version="1.0" encoding="utf-8"?>
<Project ToolsVersion="4.0" xmlns="http://schemas.microsoft.com/developer/msbuild/2003">
  <ItemGroup>
    <Filter Include="Source Code">
      <UniqueIdentifier>{08be7532-42b9-4d14-b3aa-6a15f21f73f4}</UniqueIdentifier>
    </Filter>
    <Filter Include="Source Code\01. Engine">
      <UniqueIdentifier>{5ede51e5-dc0e-446b-8a7f-4639b68148ec}</UniqueIdentifier>
    </Filter>
    <Filter Include="Source Code\00. Main">
      <UniqueIdentifier>{33833446-c3b3-409a-9efe-5d7d29f6b498}</UniqueIdentifier>
    </Filter>
    <Filter Include="Source Code\99. Common">
      <UniqueIdentifier>{38e35ad5-14f9-45d6-aaf2-f196c6df7a96}</UniqueIdentifier>
    </Filter>
    <Filter Include="Source Code\02. Scene">
      <UniqueIdentifier>{c1df69d7-e25d-4659-9e84-d6f6821d641c}</UniqueIdentifier>
    </Filter>
    <Filter Include="Source Code\03. Object">
      <UniqueIdentifier>{be6de2dd-df49-4f2d-8b54-d7b26ef1d560}</UniqueIdentifier>
    </Filter>
    <Filter Include="Source Code\03. Object\00. Object">
      <UniqueIdentifier>{683c18d3-856f-42cd-b4c6-98ca645f84f2}</UniqueIdentifier>
    </Filter>
    <Filter Include="Source Code\03. Object\01. AnimationObject">
      <UniqueIdentifier>{40089e95-eb8e-4501-a531-b3415ecd7e7f}</UniqueIdentifier>
    </Filter>
    <Filter Include="Source Code\03. Object\01. AnimationObject\00. AnimationObject">
      <UniqueIdentifier>{c6fbf479-481a-4c6c-804f-89e544de5a71}</UniqueIdentifier>
    </Filter>
    <Filter Include="Source Code\03. Object\01. AnimationObject\01. Charactor">
      <UniqueIdentifier>{1116cda4-fa17-46b1-8362-471e0a92f6fb}</UniqueIdentifier>
    </Filter>
    <Filter Include="Source Code\03. Object\01. AnimationObject\02. Effect">
      <UniqueIdentifier>{3f7104c7-a77b-4443-a043-b299835d367b}</UniqueIdentifier>
    </Filter>
    <Filter Include="Source Code\03. Object\01. AnimationObject\02. Effect\00. Effect">
      <UniqueIdentifier>{fa89118c-3e65-4f0d-bab6-1b5cb1c1c279}</UniqueIdentifier>
    </Filter>
    <Filter Include="Source Code\03. Object\01. AnimationObject\02. Effect\01. BlueEffect">
      <UniqueIdentifier>{377dbf44-7d4e-49b2-b640-b3a34834492a}</UniqueIdentifier>
    </Filter>
    <Filter Include="Source Code\03. Object\01. AnimationObject\02. Effect\02. ExplosionEffect">
      <UniqueIdentifier>{257a19cb-fe2f-46fd-88fe-13ec9336f318}</UniqueIdentifier>
    </Filter>
    <Filter Include="Source Code\03. Object\01. AnimationObject\02. Effect\03. BlasterEffect">
      <UniqueIdentifier>{a041cb3f-ec79-4cfd-8c0f-07aac8c67284}</UniqueIdentifier>
    </Filter>
    <Filter Include="Source Code\02. Scene\00. Scene">
      <UniqueIdentifier>{5937c282-ee35-4674-9554-2f2418c2de5f}</UniqueIdentifier>
    </Filter>
    <Filter Include="Source Code\02. Scene\01. CharactorScene">
      <UniqueIdentifier>{5283aa81-2b3c-4184-ba1a-41747b8a2b0e}</UniqueIdentifier>
    </Filter>
    <Filter Include="Source Code\02. Scene\02. EffectScene">
      <UniqueIdentifier>{17a2aaf6-8114-4ac2-99d2-80422966f043}</UniqueIdentifier>
    </Filter>
    <Filter Include="Source Code\02. Scene\03. TitleScene">
      <UniqueIdentifier>{2fafd7c3-e760-496e-87f1-46b1ccb963b2}</UniqueIdentifier>
    </Filter>
    <Filter Include="Source Code\02. Scene\04. LobbyScene">
      <UniqueIdentifier>{b14cfcb7-6ff6-4ff5-a97c-c437a15d4822}</UniqueIdentifier>
    </Filter>
    <Filter Include="Source Code\02. Scene\05. GameScene">
      <UniqueIdentifier>{ea711dc0-7268-4b85-b9e7-b195fe39c0a7}</UniqueIdentifier>
    </Filter>
    <Filter Include="Source Code\02. Scene\06. ResultScene">
      <UniqueIdentifier>{8dbbe009-9c18-4d23-9b0c-ef6027b21579}</UniqueIdentifier>
    </Filter>
    <Filter Include="Source Code\03. Object\02. ObstacleObject">
      <UniqueIdentifier>{ffebdbb7-a118-4fa8-b18d-0e07e0bf28c1}</UniqueIdentifier>
    </Filter>
    <Filter Include="Source Code\03. Object\03. BackGroundObject">
      <UniqueIdentifier>{4cda6e68-9173-4acb-9a46-fe1f4fc37be9}</UniqueIdentifier>
    </Filter>
    <Filter Include="Source Code\03. Object\03. BackGroundObject\00. BackGroundObject">
      <UniqueIdentifier>{c0a47235-cca2-4868-9d10-ad26e4578e3c}</UniqueIdentifier>
    </Filter>
    <Filter Include="Source Code\03. Object\04. JellyObject">
      <UniqueIdentifier>{bd3e7d45-79b1-48a5-8130-363c53c553d4}</UniqueIdentifier>
    </Filter>
    <Filter Include="Source Code\03. Object\05. Button">
      <UniqueIdentifier>{d515ad80-97c4-42c1-9e40-dfe2b4bf413a}</UniqueIdentifier>
    </Filter>
  </ItemGroup>
  <ItemGroup>
    <ClCompile Include="Engine.cpp">
      <Filter>Source Code\01. Engine</Filter>
    </ClCompile>
    <ClCompile Include="Object.cpp">
      <Filter>Source Code\03. Object\00. Object</Filter>
    </ClCompile>
    <ClCompile Include="AnimationObject.cpp">
      <Filter>Source Code\03. Object\01. AnimationObject\00. AnimationObject</Filter>
    </ClCompile>
    <ClCompile Include="main.cpp">
      <Filter>Source Code\00. Main</Filter>
    </ClCompile>
    <ClCompile Include="Charactor.cpp">
      <Filter>Source Code\03. Object\01. AnimationObject\01. Charactor</Filter>
    </ClCompile>
    <ClCompile Include="Effect.cpp">
      <Filter>Source Code\03. Object\01. AnimationObject\02. Effect\00. Effect</Filter>
    </ClCompile>
    <ClCompile Include="BlueEffect.cpp">
      <Filter>Source Code\03. Object\01. AnimationObject\02. Effect\01. BlueEffect</Filter>
    </ClCompile>
    <ClCompile Include="ExplosionEffect.cpp">
      <Filter>Source Code\03. Object\01. AnimationObject\02. Effect\02. ExplosionEffect</Filter>
    </ClCompile>
    <ClCompile Include="BlasterEffect.cpp">
      <Filter>Source Code\03. Object\01. AnimationObject\02. Effect\03. BlasterEffect</Filter>
    </ClCompile>
    <ClCompile Include="Scene.cpp">
      <Filter>Source Code\02. Scene\00. Scene</Filter>
    </ClCompile>
    <ClCompile Include="CharactorScene.cpp">
      <Filter>Source Code\02. Scene\01. CharactorScene</Filter>
    </ClCompile>
    <ClCompile Include="EffectScene.cpp">
      <Filter>Source Code\02. Scene\02. EffectScene</Filter>
    </ClCompile>
    <ClCompile Include="TitleScene.cpp">
      <Filter>Source Code\02. Scene\03. TitleScene</Filter>
    </ClCompile>
    <ClCompile Include="GameScene.cpp">
      <Filter>Source Code\02. Scene\05. GameScene</Filter>
    </ClCompile>
    <ClCompile Include="LobbyScene.cpp">
      <Filter>Source Code\02. Scene\04. LobbyScene</Filter>
    </ClCompile>
    <ClCompile Include="ResultScene.cpp">
      <Filter>Source Code\02. Scene\06. ResultScene</Filter>
    </ClCompile>
    <ClCompile Include="ObstacleObject.cpp">
      <Filter>Source Code\03. Object\02. ObstacleObject</Filter>
    </ClCompile>
    <ClCompile Include="BackGroundObject.cpp">
      <Filter>Source Code\03. Object\03. BackGroundObject\00. BackGroundObject</Filter>
    </ClCompile>
    <ClCompile Include="JellyObject.cpp">
      <Filter>Source Code\03. Object\04. JellyObject</Filter>
    </ClCompile>
    <ClCompile Include="Button.cpp" />
  </ItemGroup>
  <ItemGroup>
    <ClInclude Include="Engine.h">
      <Filter>Source Code\01. Engine</Filter>
    </ClInclude>
    <ClInclude Include="Object.h">
      <Filter>Source Code\03. Object\00. Object</Filter>
    </ClInclude>
    <ClInclude Include="AnimationObject.h">
      <Filter>Source Code\03. Object\01. AnimationObject\00. AnimationObject</Filter>
    </ClInclude>
    <ClInclude Include="framework.h">
      <Filter>Source Code\99. Common</Filter>
    </ClInclude>
    <ClInclude Include="Charactor.h">
      <Filter>Source Code\03. Object\01. AnimationObject\01. Charactor</Filter>
    </ClInclude>
    <ClInclude Include="Effect.h">
      <Filter>Source Code\03. Object\01. AnimationObject\02. Effect\00. Effect</Filter>
    </ClInclude>
    <ClInclude Include="BlueEffect.h">
      <Filter>Source Code\03. Object\01. AnimationObject\02. Effect\01. BlueEffect</Filter>
    </ClInclude>
    <ClInclude Include="ExplosionEffect.h">
      <Filter>Source Code\03. Object\01. AnimationObject\02. Effect\02. ExplosionEffect</Filter>
    </ClInclude>
    <ClInclude Include="BlasterEffect.h">
      <Filter>Source Code\03. Object\01. AnimationObject\02. Effect\03. BlasterEffect</Filter>
    </ClInclude>
    <ClInclude Include="Scene.h">
      <Filter>Source Code\02. Scene\00. Scene</Filter>
    </ClInclude>
    <ClInclude Include="CharactorScene.h">
      <Filter>Source Code\02. Scene\01. CharactorScene</Filter>
    </ClInclude>
    <ClInclude Include="EffectScene.h">
      <Filter>Source Code\02. Scene\02. EffectScene</Filter>
    </ClInclude>
    <ClInclude Include="TitleScene.h">
      <Filter>Source Code\02. Scene\03. TitleScene</Filter>
    </ClInclude>
    <ClInclude Include="GameScene.h">
      <Filter>Source Code\02. Scene\05. GameScene</Filter>
    </ClInclude>
    <ClInclude Include="LobbyScene.h">
      <Filter>Source Code\02. Scene\04. LobbyScene</Filter>
    </ClInclude>
    <ClInclude Include="ResultScene.h">
      <Filter>Source Code\02. Scene\06. ResultScene</Filter>
    </ClInclude>
    <ClInclude Include="ObstacleObject.h">
      <Filter>Source Code\03. Object\02. ObstacleObject</Filter>
    </ClInclude>
    <ClInclude Include="BackGroundObject.h">
      <Filter>Source Code\03. Object\03. BackGroundObject\00. BackGroundObject</Filter>
    </ClInclude>
    <ClInclude Include="JellyObject.h">
      <Filter>Source Code\03. Object\04. JellyObject</Filter>
    </ClInclude>
    <ClInclude Include="Button.h" />
  </ItemGroup>
</Project>